
Microsoft Visual Studio Solution File, Format Version 12.00
Project("{9A19103F-16F7-4668-BE54-9A1E7A4F7556}") = "HomeTownPickEmTests", "test\HomeTownPickEmTests\HomeTownPickEmTests.csproj", "{995873DE-A820-412D-9A2F-C25508968E0E}"
EndProject
Project("{9A19103F-16F7-4668-BE54-9A1E7A4F7556}") = "HomeTownPickEm", "src\HomeTownPickEm\HomeTownPickEm.csproj", "{D63E29BB-9917-42C6-81EC-394E4190A76A}"
EndProject
Global
	GlobalSection(SolutionConfigurationPlatforms) = preSolution
		Debug|Any CPU = Debug|Any CPU
		Release|Any CPU = Release|Any CPU
	EndGlobalSection
	GlobalSection(ProjectConfigurationPlatforms) = postSolution
		{995873DE-A820-412D-9A2F-C25508968E0E}.Debug|Any CPU.ActiveCfg = Debug|Any CPU
		{995873DE-A820-412D-9A2F-C25508968E0E}.Debug|Any CPU.Build.0 = Debug|Any CPU
		{995873DE-A820-412D-9A2F-C25508968E0E}.Release|Any CPU.ActiveCfg = Release|Any CPU
		{995873DE-A820-412D-9A2F-C25508968E0E}.Release|Any CPU.Build.0 = Release|Any CPU
		{D63E29BB-9917-42C6-81EC-394E4190A76A}.Debug|Any CPU.ActiveCfg = Debug|Any CPU
		{D63E29BB-9917-42C6-81EC-394E4190A76A}.Debug|Any CPU.Build.0 = Debug|Any CPU
		{D63E29BB-9917-42C6-81EC-394E4190A76A}.Release|Any CPU.ActiveCfg = Release|Any CPU
		{D63E29BB-9917-42C6-81EC-394E4190A76A}.Release|Any CPU.Build.0 = Release|Any CPU
	EndGlobalSection
EndGlobal
